{
  "name": "laboratorio",
  "version": "1.0.0",
  "lockfileVersion": 2,
  "requires": true,
  "packages": {
    "": {
      "name": "laboratorio",
      "version": "1.0.0",
      "license": "ISC",
      "dependencies": {
        "postgres": "^3.0.6"
      }
    },
    "node_modules/postgres": {
      "version": "3.0.6",
      "resolved": "https://registry.npmjs.org/postgres/-/postgres-3.0.6.tgz",
      "integrity": "sha512-CLUSjqwdBZezsRS1Enh+j6YVqdgaRfa+/NDYY+XucI5V1dlgeLF4wM3g7a0uOUB01aiqYGFM0ZMXPKneOOR/rg==",
      "funding": {
        "type": "individual",
        "url": "https://github.com/sponsors/porsager"
      }
    }
  },
  "dependencies": {
    "postgres": {
      "version": "3.0.6",
      "resolved": "https://registry.npmjs.org/postgres/-/postgres-3.0.6.tgz",
      "integrity": "sha512-CLUSjqwdBZezsRS1Enh+j6YVqdgaRfa+/NDYY+XucI5V1dlgeLF4wM3g7a0uOUB01aiqYGFM0ZMXPKneOOR/rg=="
    }
  }
}
